
Microsoft Visual Studio Solution File, Format Version 12.00
# Visual Studio 15
VisualStudioVersion = 15.0.28010.2026
MinimumVisualStudioVersion = 10.0.40219.1
Project("{FAE04EC0-301F-11D3-BF4B-00C04F79EFBC}") = "ClassDemoConsumeRest", "ClassDemoConsumeRest\ClassDemoConsumeRest.csproj", "{D33CA1CC-1222-4A06-B763-F5FAAF205E47}"
EndProject
Project("{FAE04EC0-301F-11D3-BF4B-00C04F79EFBC}") = "ModelLibrary", "ModelLibrary\ModelLibrary.csproj", "{388EDF7F-5E5B-4E00-8779-0B886F43825A}"
EndProject
Global
	GlobalSection(SolutionConfigurationPlatforms) = preSolution
		Debug|Any CPU = Debug|Any CPU
		Release|Any CPU = Release|Any CPU
	EndGlobalSection
	GlobalSection(ProjectConfigurationPlatforms) = postSolution
		{D33CA1CC-1222-4A06-B763-F5FAAF205E47}.Debug|Any CPU.ActiveCfg = Debug|Any CPU
		{D33CA1CC-1222-4A06-B763-F5FAAF205E47}.Debug|Any CPU.Build.0 = Debug|Any CPU
		{D33CA1CC-1222-4A06-B763-F5FAAF205E47}.Release|Any CPU.ActiveCfg = Release|Any CPU
		{D33CA1CC-1222-4A06-B763-F5FAAF205E47}.Release|Any CPU.Build.0 = Release|Any CPU
		{388EDF7F-5E5B-4E00-8779-0B886F43825A}.Debug|Any CPU.ActiveCfg = Debug|Any CPU
		{388EDF7F-5E5B-4E00-8779-0B886F43825A}.Debug|Any CPU.Build.0 = Debug|Any CPU
		{388EDF7F-5E5B-4E00-8779-0B886F43825A}.Release|Any CPU.ActiveCfg = Release|Any CPU
		{388EDF7F-5E5B-4E00-8779-0B886F43825A}.Release|Any CPU.Build.0 = Release|Any CPU
	EndGlobalSection
	GlobalSection(SolutionProperties) = preSolution
		HideSolutionNode = FALSE
	EndGlobalSection
	GlobalSection(ExtensibilityGlobals) = postSolution
		SolutionGuid = {1EA801D3-936F-42EE-B53F-C25905DB2D4C}
	EndGlobalSection
EndGlobal
